
Microsoft Visual Studio Solution File, Format Version 12.00
# Visual Studio Version 16
VisualStudioVersion = 16.0.32413.511
MinimumVisualStudioVersion = 10.0.40219.1
Project("{FAE04EC0-301F-11D3-BF4B-00C04F79EFBC}") = "ConsoleApp5", "ConsoleApp5\ConsoleApp5.csproj", "{E0370488-BC10-46E4-A72A-D852859E6CA8}"
EndProject
Global
	GlobalSection(SolutionConfigurationPlatforms) = preSolution
		Debug|Any CPU = Debug|Any CPU
		Release|Any CPU = Release|Any CPU
	EndGlobalSection
	GlobalSection(ProjectConfigurationPlatforms) = postSolution
		{E0370488-BC10-46E4-A72A-D852859E6CA8}.Debug|Any CPU.ActiveCfg = Debug|Any CPU
		{E0370488-BC10-46E4-A72A-D852859E6CA8}.Debug|Any CPU.Build.0 = Debug|Any CPU
		{E0370488-BC10-46E4-A72A-D852859E6CA8}.Release|Any CPU.ActiveCfg = Release|Any CPU
		{E0370488-BC10-46E4-A72A-D852859E6CA8}.Release|Any CPU.Build.0 = Release|Any CPU
	EndGlobalSection
	GlobalSection(SolutionProperties) = preSolution
		HideSolutionNode = FALSE
	EndGlobalSection
	GlobalSection(ExtensibilityGlobals) = postSolution
		SolutionGuid = {6C08ED57-8EDE-447A-BEA9-06B40263CE30}
	EndGlobalSection
EndGlobal
