
Microsoft Visual Studio Solution File, Format Version 12.00
# Visual Studio Version 16
VisualStudioVersion = 16.0.32413.511
MinimumVisualStudioVersion = 10.0.40219.1
Project("{FAE04EC0-301F-11D3-BF4B-00C04F79EFBC}") = "WindowsFormsApp4", "WindowsFormsApp4\WindowsFormsApp4.csproj", "{A243DC9A-718D-499E-A3EE-0627D1C14BB7}"
EndProject
Global
	GlobalSection(SolutionConfigurationPlatforms) = preSolution
		Debug|Any CPU = Debug|Any CPU
		Release|Any CPU = Release|Any CPU
	EndGlobalSection
	GlobalSection(ProjectConfigurationPlatforms) = postSolution
		{A243DC9A-718D-499E-A3EE-0627D1C14BB7}.Debug|Any CPU.ActiveCfg = Debug|Any CPU
		{A243DC9A-718D-499E-A3EE-0627D1C14BB7}.Debug|Any CPU.Build.0 = Debug|Any CPU
		{A243DC9A-718D-499E-A3EE-0627D1C14BB7}.Release|Any CPU.ActiveCfg = Release|Any CPU
		{A243DC9A-718D-499E-A3EE-0627D1C14BB7}.Release|Any CPU.Build.0 = Release|Any CPU
	EndGlobalSection
	GlobalSection(SolutionProperties) = preSolution
		HideSolutionNode = FALSE
	EndGlobalSection
	GlobalSection(ExtensibilityGlobals) = postSolution
		SolutionGuid = {65951651-B61C-4600-BCCD-47A7CA392A18}
	EndGlobalSection
EndGlobal
